// !$*UTF8*$!
{
	archiveVersion = 1;
	classes = {
	};
	objectVersion = 46;
	objects = {

/* Begin PBXBuildFile section */
		B11274FD1BCDACAC00F68F9E /* JotTouchSDK.bundle in Resources */ = {isa = PBXBuildFile; fileRef = B11274FC1BCDACAC00F68F9E /* JotTouchSDK.bundle */; };
		B11274FE1BCDAE6A00F68F9E /* PhysicalAndROSView.swift in Sources */ = {isa = PBXBuildFile; fileRef = B1889FB21BA7760800344130 /* PhysicalAndROSView.swift */; };
		B11545861BA707DD00E31EB6 /* CustomMLTWView.swift in Sources */ = {isa = PBXBuildFile; fileRef = B11545851BA707DD00E31EB6 /* CustomMLTWView.swift */; };
		B12420C51BA62FCB0009AE2F /* Patient.swift in Sources */ = {isa = PBXBuildFile; fileRef = B12420C31BA62FCB0009AE2F /* Patient.swift */; };
		B136A18D1B9B76A900E487C0 /* AppDelegate.swift in Sources */ = {isa = PBXBuildFile; fileRef = B136A18C1B9B76A900E487C0 /* AppDelegate.swift */; };
		B136A1941B9B76A900E487C0 /* Main.storyboard in Resources */ = {isa = PBXBuildFile; fileRef = B136A1921B9B76A900E487C0 /* Main.storyboard */; };
		B136A1961B9B76A900E487C0 /* Assets.xcassets in Resources */ = {isa = PBXBuildFile; fileRef = B136A1951B9B76A900E487C0 /* Assets.xcassets */; };
		B136A1991B9B76A900E487C0 /* LaunchScreen.storyboard in Resources */ = {isa = PBXBuildFile; fileRef = B136A1971B9B76A900E487C0 /* LaunchScreen.storyboard */; };
		B136A1A41B9B76AA00E487C0 /* EMR_AppTests.swift in Sources */ = {isa = PBXBuildFile; fileRef = B136A1A31B9B76AA00E487C0 /* EMR_AppTests.swift */; };
		B136A1AF1B9B76AA00E487C0 /* EMR_AppUITests.swift in Sources */ = {isa = PBXBuildFile; fileRef = B136A1AE1B9B76AA00E487C0 /* EMR_AppUITests.swift */; };
		B137737B1B9D351A004C2EE2 /* SystemConfiguration.framework in Frameworks */ = {isa = PBXBuildFile; fileRef = B137737A1B9D351A004C2EE2 /* SystemConfiguration.framework */; };
		B137737D1B9D3528004C2EE2 /* Security.framework in Frameworks */ = {isa = PBXBuildFile; fileRef = B137737C1B9D3528004C2EE2 /* Security.framework */; };
		B137737F1B9D354A004C2EE2 /* libStylusCore.a in Frameworks */ = {isa = PBXBuildFile; fileRef = B137737E1B9D354A004C2EE2 /* libStylusCore.a */; };
		B13773841B9D363B004C2EE2 /* libMyScript2D.a in Frameworks */ = {isa = PBXBuildFile; fileRef = B13773821B9D363B004C2EE2 /* libMyScript2D.a */; };
		B13773851B9D363B004C2EE2 /* libMyScriptAnalyzer.a in Frameworks */ = {isa = PBXBuildFile; fileRef = B13773831B9D363B004C2EE2 /* libMyScriptAnalyzer.a */; };
		B13773871B9D3659004C2EE2 /* libMyScriptEngine.a in Frameworks */ = {isa = PBXBuildFile; fileRef = B13773861B9D3659004C2EE2 /* libMyScriptEngine.a */; };
		B137738D1B9D3689004C2EE2 /* libMyScriptInkSearch.a in Frameworks */ = {isa = PBXBuildFile; fileRef = B13773881B9D3689004C2EE2 /* libMyScriptInkSearch.a */; };
		B137738E1B9D3689004C2EE2 /* libMyScriptMath.a in Frameworks */ = {isa = PBXBuildFile; fileRef = B13773891B9D3689004C2EE2 /* libMyScriptMath.a */; };
		B137738F1B9D3689004C2EE2 /* libMyScriptPrediction.a in Frameworks */ = {isa = PBXBuildFile; fileRef = B137738A1B9D3689004C2EE2 /* libMyScriptPrediction.a */; };
		B13773901B9D3689004C2EE2 /* libMyScriptShape.a in Frameworks */ = {isa = PBXBuildFile; fileRef = B137738B1B9D3689004C2EE2 /* libMyScriptShape.a */; };
		B13773911B9D3689004C2EE2 /* libMyScriptText.a in Frameworks */ = {isa = PBXBuildFile; fileRef = B137738C1B9D3689004C2EE2 /* libMyScriptText.a */; };
		B13773991B9D381A004C2EE2 /* CoreGraphics.framework in Frameworks */ = {isa = PBXBuildFile; fileRef = B13773981B9D381A004C2EE2 /* CoreGraphics.framework */; };
		B14CCAB91B9E7E3A00A38815 /* en_US-ak-cur.lite.res in Resources */ = {isa = PBXBuildFile; fileRef = B14CCAB71B9E7E3A00A38815 /* en_US-ak-cur.lite.res */; };
		B14CCABA1B9E7E3A00A38815 /* en_US-lk-text.lite.res in Resources */ = {isa = PBXBuildFile; fileRef = B14CCAB81B9E7E3A00A38815 /* en_US-lk-text.lite.res */; };
		B14CCAC01B9E889C00A38815 /* AtkItc.framework in Frameworks */ = {isa = PBXBuildFile; fileRef = B14CCABF1B9E889C00A38815 /* AtkItc.framework */; };
		B14CCACC1B9E8AF300A38815 /* AtkMltw.framework in Frameworks */ = {isa = PBXBuildFile; fileRef = B14CCACB1B9E8AF300A38815 /* AtkMltw.framework */; };
		B14CCAD21B9E8CFF00A38815 /* libAtkInw.a in Frameworks */ = {isa = PBXBuildFile; fileRef = B14CCAD11B9E8CFF00A38815 /* libAtkInw.a */; };
		B15520551BBB56CC0012339A /* EMRConnection.swift in Sources */ = {isa = PBXBuildFile; fileRef = B15520541BBB56CC0012339A /* EMRConnection.swift */; };
		B16E8A881BBCAC6100177BCB /* EMRReturnedDataObject.swift in Sources */ = {isa = PBXBuildFile; fileRef = B16E8A871BBCAC6100177BCB /* EMRReturnedDataObject.swift */; };
		B16E8A8A1BBCACBC00177BCB /* EMRDataParser.swift in Sources */ = {isa = PBXBuildFile; fileRef = B16E8A891BBCACBC00177BCB /* EMRDataParser.swift */; };
		B17842A21BB0D22600C34C48 /* LoginViewController.swift in Sources */ = {isa = PBXBuildFile; fileRef = B17842A11BB0D22500C34C48 /* LoginViewController.swift */; };
		B182015E1BA87CEA0028E7E7 /* TabBarViewController.swift in Sources */ = {isa = PBXBuildFile; fileRef = B182015D1BA87CEA0028E7E7 /* TabBarViewController.swift */; };
		B1860DE91BD5AE0400E35308 /* ExternalAccessory.framework in Frameworks */ = {isa = PBXBuildFile; fileRef = B1860DE81BD5AE0400E35308 /* ExternalAccessory.framework */; };
		B1A8585B1BC8845300DC94F9 /* CoreBluetooth.framework in Frameworks */ = {isa = PBXBuildFile; fileRef = B1A8585A1BC8845300DC94F9 /* CoreBluetooth.framework */; };
		B1A8585D1BC884C100DC94F9 /* CoreMotion.framework in Frameworks */ = {isa = PBXBuildFile; fileRef = B1A8585C1BC884C100DC94F9 /* CoreMotion.framework */; };
		B1A8585F1BC8853200DC94F9 /* JotTouchSDK.framework in Frameworks */ = {isa = PBXBuildFile; fileRef = B1A8585E1BC8853200DC94F9 /* JotTouchSDK.framework */; };
		B1AF55731BA8B7400016A01A /* DateFormatter.swift in Sources */ = {isa = PBXBuildFile; fileRef = B1AF55721BA8B7400016A01A /* DateFormatter.swift */; };
		B1B083071BCEE56F0093E990 /* PhysicalAndROSDataEntryView.swift in Sources */ = {isa = PBXBuildFile; fileRef = B1B083061BCEE56F0093E990 /* PhysicalAndROSDataEntryView.swift */; };
		B1B11C351BA856ED00651FC7 /* EMRField.swift in Sources */ = {isa = PBXBuildFile; fileRef = B1B11C341BA856ED00651FC7 /* EMRField.swift */; };
		B1B8F8DF1BCEC6FC00B6CC6D /* PhysicalAndROSOrganSystemButton.swift in Sources */ = {isa = PBXBuildFile; fileRef = B1B8F8DE1BCEC6FC00B6CC6D /* PhysicalAndROSOrganSystemButton.swift */; };
		B1BA8C271BD1C95700F31574 /* PatientSelectionViewController.swift in Sources */ = {isa = PBXBuildFile; fileRef = B1BA8C261BD1C95700F31574 /* PatientSelectionViewController.swift */; };
		B1BAAEA11BCE74BC002D6733 /* DataExtractionModeViewController.swift in Sources */ = {isa = PBXBuildFile; fileRef = B1BAAEA01BCE74BB002D6733 /* DataExtractionModeViewController.swift */; };
		B1BF67CF1BB734BD000C68EF /* MyCertificate.swift in Sources */ = {isa = PBXBuildFile; fileRef = B111BC3A1B9FA20F0068BE17 /* MyCertificate.swift */; };
		B1D097D61BA8954300456488 /* HelperFunctions.swift in Sources */ = {isa = PBXBuildFile; fileRef = B1D097D51BA8954300456488 /* HelperFunctions.swift */; };
		B1E0D5AC1BB096580097EC0F /* PatientCareModeViewController.swift in Sources */ = {isa = PBXBuildFile; fileRef = B1E0D5AB1BB096580097EC0F /* PatientCareModeViewController.swift */; };
		B1E0D5AE1BB0966A0097EC0F /* DataEntryModeViewController.swift in Sources */ = {isa = PBXBuildFile; fileRef = B1E0D5AD1BB0966A0097EC0F /* DataEntryModeViewController.swift */; };
		B1EF1CE11BA4B8B9009725B3 /* Model.xcdatamodeld in Sources */ = {isa = PBXBuildFile; fileRef = B1EF1CDF1BA4B8B9009725B3 /* Model.xcdatamodeld */; };
		B1F7304B1BDEB66A008FD83A /* Patient+CoreDataProperties.swift in Sources */ = {isa = PBXBuildFile; fileRef = B1F7304A1BDEB66A008FD83A /* Patient+CoreDataProperties.swift */; };
/* End PBXBuildFile section */

/* Begin PBXContainerItemProxy section */
		B136A1A01B9B76AA00E487C0 /* PBXContainerItemProxy */ = {
			isa = PBXContainerItemProxy;
			containerPortal = B136A1811B9B76A900E487C0 /* Project object */;
			proxyType = 1;
			remoteGlobalIDString = B136A1881B9B76A900E487C0;
			remoteInfo = "EMR App";
		};
		B136A1AB1B9B76AA00E487C0 /* PBXContainerItemProxy */ = {
			isa = PBXContainerItemProxy;
			containerPortal = B136A1811B9B76A900E487C0 /* Project object */;
			proxyType = 1;
			remoteGlobalIDString = B136A1881B9B76A900E487C0;
			remoteInfo = "EMR App";
		};
/* End PBXContainerItemProxy section */

/* Begin PBXFileReference section */
		B111BC3A1B9FA20F0068BE17 /* MyCertificate.swift */ = {isa = PBXFileReference; fileEncoding = 4; lastKnownFileType = sourcecode.swift; path = MyCertificate.swift; sourceTree = "<group>"; };
		B11274FC1BCDACAC00F68F9E /* JotTouchSDK.bundle */ = {isa = PBXFileReference; lastKnownFileType = "wrapper.plug-in"; path = JotTouchSDK.bundle; sourceTree = "<group>"; };
		B11545851BA707DD00E31EB6 /* CustomMLTWView.swift */ = {isa = PBXFileReference; fileEncoding = 4; lastKnownFileType = sourcecode.swift; path = CustomMLTWView.swift; sourceTree = "<group>"; };
		B12420C01BA5FBDB0009AE2F /* Unused Code.swift */ = {isa = PBXFileReference; fileEncoding = 4; lastKnownFileType = sourcecode.swift; name = "Unused Code.swift"; path = "EMR App/Unused Code.swift"; sourceTree = "<group>"; };
		B12420C31BA62FCB0009AE2F /* Patient.swift */ = {isa = PBXFileReference; fileEncoding = 4; lastKnownFileType = sourcecode.swift; name = Patient.swift; path = ../Patient.swift; sourceTree = "<group>"; };
		B136A1891B9B76A900E487C0 /* EMR App.app */ = {isa = PBXFileReference; explicitFileType = wrapper.application; includeInIndex = 0; path = "EMR App.app"; sourceTree = BUILT_PRODUCTS_DIR; };
		B136A18C1B9B76A900E487C0 /* AppDelegate.swift */ = {isa = PBXFileReference; lastKnownFileType = sourcecode.swift; path = AppDelegate.swift; sourceTree = "<group>"; };
		B136A1931B9B76A900E487C0 /* Base */ = {isa = PBXFileReference; lastKnownFileType = file.storyboard; name = Base; path = Base.lproj/Main.storyboard; sourceTree = "<group>"; };
		B136A1951B9B76A900E487C0 /* Assets.xcassets */ = {isa = PBXFileReference; lastKnownFileType = folder.assetcatalog; path = Assets.xcassets; sourceTree = "<group>"; };
		B136A1981B9B76A900E487C0 /* Base */ = {isa = PBXFileReference; lastKnownFileType = file.storyboard; name = Base; path = Base.lproj/LaunchScreen.storyboard; sourceTree = "<group>"; };
		B136A19A1B9B76A900E487C0 /* Info.plist */ = {isa = PBXFileReference; lastKnownFileType = text.plist.xml; path = Info.plist; sourceTree = "<group>"; };
		B136A19F1B9B76AA00E487C0 /* EMR AppTests.xctest */ = {isa = PBXFileReference; explicitFileType = wrapper.cfbundle; includeInIndex = 0; path = "EMR AppTests.xctest"; sourceTree = BUILT_PRODUCTS_DIR; };
		B136A1A31B9B76AA00E487C0 /* EMR_AppTests.swift */ = {isa = PBXFileReference; lastKnownFileType = sourcecode.swift; path = EMR_AppTests.swift; sourceTree = "<group>"; };
		B136A1A51B9B76AA00E487C0 /* Info.plist */ = {isa = PBXFileReference; lastKnownFileType = text.plist.xml; path = Info.plist; sourceTree = "<group>"; };
		B136A1AA1B9B76AA00E487C0 /* EMR AppUITests.xctest */ = {isa = PBXFileReference; explicitFileType = wrapper.cfbundle; includeInIndex = 0; path = "EMR AppUITests.xctest"; sourceTree = BUILT_PRODUCTS_DIR; };
		B136A1AE1B9B76AA00E487C0 /* EMR_AppUITests.swift */ = {isa = PBXFileReference; lastKnownFileType = sourcecode.swift; path = EMR_AppUITests.swift; sourceTree = "<group>"; };
		B136A1B01B9B76AA00E487C0 /* Info.plist */ = {isa = PBXFileReference; lastKnownFileType = text.plist.xml; path = Info.plist; sourceTree = "<group>"; };
		B137737A1B9D351A004C2EE2 /* SystemConfiguration.framework */ = {isa = PBXFileReference; lastKnownFileType = wrapper.framework; name = SystemConfiguration.framework; path = System/Library/Frameworks/SystemConfiguration.framework; sourceTree = SDKROOT; };
		B137737C1B9D3528004C2EE2 /* Security.framework */ = {isa = PBXFileReference; lastKnownFileType = wrapper.framework; name = Security.framework; path = System/Library/Frameworks/Security.framework; sourceTree = SDKROOT; };
		B137737E1B9D354A004C2EE2 /* libStylusCore.a */ = {isa = PBXFileReference; lastKnownFileType = archive.ar; name = libStylusCore.a; path = "../../Downloads/MyScript_ATK-ios-1.3.0/libs/styluscore/libStylusCore.a"; sourceTree = "<group>"; };
		B13773821B9D363B004C2EE2 /* libMyScript2D.a */ = {isa = PBXFileReference; lastKnownFileType = archive.ar; name = libMyScript2D.a; path = "../../Downloads/MyScript_ATK-ios-1.3.0/libs/sdk/libMyScript2D.a"; sourceTree = "<group>"; };
		B13773831B9D363B004C2EE2 /* libMyScriptAnalyzer.a */ = {isa = PBXFileReference; lastKnownFileType = archive.ar; name = libMyScriptAnalyzer.a; path = "../../Downloads/MyScript_ATK-ios-1.3.0/libs/sdk/libMyScriptAnalyzer.a"; sourceTree = "<group>"; };
		B13773861B9D3659004C2EE2 /* libMyScriptEngine.a */ = {isa = PBXFileReference; lastKnownFileType = archive.ar; name = libMyScriptEngine.a; path = "../../Downloads/MyScript_ATK-ios-1.3.0/libs/sdk/libMyScriptEngine.a"; sourceTree = "<group>"; };
		B13773881B9D3689004C2EE2 /* libMyScriptInkSearch.a */ = {isa = PBXFileReference; lastKnownFileType = archive.ar; name = libMyScriptInkSearch.a; path = "../../Downloads/MyScript_ATK-ios-1.3.0/libs/sdk/libMyScriptInkSearch.a"; sourceTree = "<group>"; };
		B13773891B9D3689004C2EE2 /* libMyScriptMath.a */ = {isa = PBXFileReference; lastKnownFileType = archive.ar; name = libMyScriptMath.a; path = "../../Downloads/MyScript_ATK-ios-1.3.0/libs/sdk/libMyScriptMath.a"; sourceTree = "<group>"; };
		B137738A1B9D3689004C2EE2 /* libMyScriptPrediction.a */ = {isa = PBXFileReference; lastKnownFileType = archive.ar; name = libMyScriptPrediction.a; path = "../../Downloads/MyScript_ATK-ios-1.3.0/libs/sdk/libMyScriptPrediction.a"; sourceTree = "<group>"; };
		B137738B1B9D3689004C2EE2 /* libMyScriptShape.a */ = {isa = PBXFileReference; lastKnownFileType = archive.ar; name = libMyScriptShape.a; path = "../../Downloads/MyScript_ATK-ios-1.3.0/libs/sdk/libMyScriptShape.a"; sourceTree = "<group>"; };
		B137738C1B9D3689004C2EE2 /* libMyScriptText.a */ = {isa = PBXFileReference; lastKnownFileType = archive.ar; name = libMyScriptText.a; path = "../../Downloads/MyScript_ATK-ios-1.3.0/libs/sdk/libMyScriptText.a"; sourceTree = "<group>"; };
		B13773981B9D381A004C2EE2 /* CoreGraphics.framework */ = {isa = PBXFileReference; lastKnownFileType = wrapper.framework; name = CoreGraphics.framework; path = System/Library/Frameworks/CoreGraphics.framework; sourceTree = SDKROOT; };
		B137739A1B9D38C6004C2EE2 /* EMR App-Bridging-Header.h */ = {isa = PBXFileReference; lastKnownFileType = sourcecode.c.h; path = "EMR App-Bridging-Header.h"; sourceTree = "<group>"; };
		B14CCAB71B9E7E3A00A38815 /* en_US-ak-cur.lite.res */ = {isa = PBXFileReference; lastKnownFileType = file; path = "en_US-ak-cur.lite.res"; sourceTree = "<group>"; };
		B14CCAB81B9E7E3A00A38815 /* en_US-lk-text.lite.res */ = {isa = PBXFileReference; lastKnownFileType = file; path = "en_US-lk-text.lite.res"; sourceTree = "<group>"; };
		B14CCABF1B9E889C00A38815 /* AtkItc.framework */ = {isa = PBXFileReference; lastKnownFileType = wrapper.framework; name = AtkItc.framework; path = "../../Downloads/MyScript_ATK-ios-1.3.0/libs/itc/AtkItc.framework"; sourceTree = "<group>"; };
		B14CCACB1B9E8AF300A38815 /* AtkMltw.framework */ = {isa = PBXFileReference; lastKnownFileType = wrapper.framework; name = AtkMltw.framework; path = "../../Downloads/MyScript_ATK-ios-1.3.0/libs/mltw/AtkMltw.framework"; sourceTree = "<group>"; };
		B14CCAD11B9E8CFF00A38815 /* libAtkInw.a */ = {isa = PBXFileReference; lastKnownFileType = archive.ar; name = libAtkInw.a; path = "../../Downloads/MyScript_ATK-ios-1.3.0/libs/inw/libAtkInw.a"; sourceTree = "<group>"; };
		B15520541BBB56CC0012339A /* EMRConnection.swift */ = {isa = PBXFileReference; fileEncoding = 4; lastKnownFileType = sourcecode.swift; path = EMRConnection.swift; sourceTree = "<group>"; };
		B16E8A871BBCAC6100177BCB /* EMRReturnedDataObject.swift */ = {isa = PBXFileReference; fileEncoding = 4; lastKnownFileType = sourcecode.swift; path = EMRReturnedDataObject.swift; sourceTree = "<group>"; };
		B16E8A891BBCACBC00177BCB /* EMRDataParser.swift */ = {isa = PBXFileReference; fileEncoding = 4; lastKnownFileType = sourcecode.swift; path = EMRDataParser.swift; sourceTree = "<group>"; };
		B17842A11BB0D22500C34C48 /* LoginViewController.swift */ = {isa = PBXFileReference; fileEncoding = 4; lastKnownFileType = sourcecode.swift; path = LoginViewController.swift; sourceTree = "<group>"; };
		B182015D1BA87CEA0028E7E7 /* TabBarViewController.swift */ = {isa = PBXFileReference; fileEncoding = 4; lastKnownFileType = sourcecode.swift; path = TabBarViewController.swift; sourceTree = "<group>"; };
		B1860DE81BD5AE0400E35308 /* ExternalAccessory.framework */ = {isa = PBXFileReference; lastKnownFileType = wrapper.framework; name = ExternalAccessory.framework; path = System/Library/Frameworks/ExternalAccessory.framework; sourceTree = SDKROOT; };
		B1889FB21BA7760800344130 /* PhysicalAndROSView.swift */ = {isa = PBXFileReference; fileEncoding = 4; lastKnownFileType = sourcecode.swift; path = PhysicalAndROSView.swift; sourceTree = "<group>"; };
		B1A8585A1BC8845300DC94F9 /* CoreBluetooth.framework */ = {isa = PBXFileReference; lastKnownFileType = wrapper.framework; name = CoreBluetooth.framework; path = System/Library/Frameworks/CoreBluetooth.framework; sourceTree = SDKROOT; };
		B1A8585C1BC884C100DC94F9 /* CoreMotion.framework */ = {isa = PBXFileReference; lastKnownFileType = wrapper.framework; name = CoreMotion.framework; path = System/Library/Frameworks/CoreMotion.framework; sourceTree = SDKROOT; };
		B1A8585E1BC8853200DC94F9 /* JotTouchSDK.framework */ = {isa = PBXFileReference; lastKnownFileType = wrapper.framework; name = JotTouchSDK.framework; path = "../../Desktop/JotTouchSDK-master/JotTouchSDK.framework"; sourceTree = "<group>"; };
		B1AF55721BA8B7400016A01A /* DateFormatter.swift */ = {isa = PBXFileReference; fileEncoding = 4; lastKnownFileType = sourcecode.swift; path = DateFormatter.swift; sourceTree = "<group>"; };
		B1B083061BCEE56F0093E990 /* PhysicalAndROSDataEntryView.swift */ = {isa = PBXFileReference; fileEncoding = 4; lastKnownFileType = sourcecode.swift; path = PhysicalAndROSDataEntryView.swift; sourceTree = "<group>"; };
		B1B11C341BA856ED00651FC7 /* EMRField.swift */ = {isa = PBXFileReference; fileEncoding = 4; lastKnownFileType = sourcecode.swift; path = EMRField.swift; sourceTree = "<group>"; };
		B1B8F8DE1BCEC6FC00B6CC6D /* PhysicalAndROSOrganSystemButton.swift */ = {isa = PBXFileReference; fileEncoding = 4; lastKnownFileType = sourcecode.swift; path = PhysicalAndROSOrganSystemButton.swift; sourceTree = "<group>"; };
		B1BA8C261BD1C95700F31574 /* PatientSelectionViewController.swift */ = {isa = PBXFileReference; fileEncoding = 4; lastKnownFileType = sourcecode.swift; path = PatientSelectionViewController.swift; sourceTree = "<group>"; };
		B1BAAEA01BCE74BB002D6733 /* DataExtractionModeViewController.swift */ = {isa = PBXFileReference; fileEncoding = 4; lastKnownFileType = sourcecode.swift; path = DataExtractionModeViewController.swift; sourceTree = "<group>"; };
		B1D097D51BA8954300456488 /* HelperFunctions.swift */ = {isa = PBXFileReference; fileEncoding = 4; lastKnownFileType = sourcecode.swift; path = HelperFunctions.swift; sourceTree = "<group>"; };
		B1E0D5AB1BB096580097EC0F /* PatientCareModeViewController.swift */ = {isa = PBXFileReference; fileEncoding = 4; lastKnownFileType = sourcecode.swift; path = PatientCareModeViewController.swift; sourceTree = "<group>"; };
		B1E0D5AD1BB0966A0097EC0F /* DataEntryModeViewController.swift */ = {isa = PBXFileReference; fileEncoding = 4; lastKnownFileType = sourcecode.swift; path = DataEntryModeViewController.swift; sourceTree = "<group>"; };
		B1EF1CE01BA4B8B9009725B3 /* Model.xcdatamodel */ = {isa = PBXFileReference; lastKnownFileType = wrapper.xcdatamodel; path = Model.xcdatamodel; sourceTree = "<group>"; };
		B1F7304A1BDEB66A008FD83A /* Patient+CoreDataProperties.swift */ = {isa = PBXFileReference; fileEncoding = 4; lastKnownFileType = sourcecode.swift; name = "Patient+CoreDataProperties.swift"; path = "../Patient+CoreDataProperties.swift"; sourceTree = "<group>"; };
/* End PBXFileReference section */

/* Begin PBXFrameworksBuildPhase section */
		B136A1861B9B76A900E487C0 /* Frameworks */ = {
			isa = PBXFrameworksBuildPhase;
			buildActionMask = 2147483647;
			files = (
				B1860DE91BD5AE0400E35308 /* ExternalAccessory.framework in Frameworks */,
				B1A8585F1BC8853200DC94F9 /* JotTouchSDK.framework in Frameworks */,
				B1A8585D1BC884C100DC94F9 /* CoreMotion.framework in Frameworks */,
				B1A8585B1BC8845300DC94F9 /* CoreBluetooth.framework in Frameworks */,
				B14CCAD21B9E8CFF00A38815 /* libAtkInw.a in Frameworks */,
				B14CCACC1B9E8AF300A38815 /* AtkMltw.framework in Frameworks */,
				B14CCAC01B9E889C00A38815 /* AtkItc.framework in Frameworks */,
				B137738D1B9D3689004C2EE2 /* libMyScriptInkSearch.a in Frameworks */,
				B137738E1B9D3689004C2EE2 /* libMyScriptMath.a in Frameworks */,
				B137738F1B9D3689004C2EE2 /* libMyScriptPrediction.a in Frameworks */,
				B13773901B9D3689004C2EE2 /* libMyScriptShape.a in Frameworks */,
				B13773911B9D3689004C2EE2 /* libMyScriptText.a in Frameworks */,
				B13773871B9D3659004C2EE2 /* libMyScriptEngine.a in Frameworks */,
				B13773841B9D363B004C2EE2 /* libMyScript2D.a in Frameworks */,
				B13773851B9D363B004C2EE2 /* libMyScriptAnalyzer.a in Frameworks */,
				B137737F1B9D354A004C2EE2 /* libStylusCore.a in Frameworks */,
				B137737D1B9D3528004C2EE2 /* Security.framework in Frameworks */,
				B137737B1B9D351A004C2EE2 /* SystemConfiguration.framework in Frameworks */,
				B13773991B9D381A004C2EE2 /* CoreGraphics.framework in Frameworks */,
			);
			runOnlyForDeploymentPostprocessing = 0;
		};
		B136A19C1B9B76AA00E487C0 /* Frameworks */ = {
			isa = PBXFrameworksBuildPhase;
			buildActionMask = 2147483647;
			files = (
			);
			runOnlyForDeploymentPostprocessing = 0;
		};
		B136A1A71B9B76AA00E487C0 /* Frameworks */ = {
			isa = PBXFrameworksBuildPhase;
			buildActionMask = 2147483647;
			files = (
			);
			runOnlyForDeploymentPostprocessing = 0;
		};
/* End PBXFrameworksBuildPhase section */

/* Begin PBXGroup section */
		B10C450A1BC9D45700473F6B /* Linked Frameworks */ = {
			isa = PBXGroup;
			children = (
				B14CCAD11B9E8CFF00A38815 /* libAtkInw.a */,
				B13773821B9D363B004C2EE2 /* libMyScript2D.a */,
				B13773831B9D363B004C2EE2 /* libMyScriptAnalyzer.a */,
				B13773861B9D3659004C2EE2 /* libMyScriptEngine.a */,
				B13773881B9D3689004C2EE2 /* libMyScriptInkSearch.a */,
				B13773891B9D3689004C2EE2 /* libMyScriptMath.a */,
				B137738A1B9D3689004C2EE2 /* libMyScriptPrediction.a */,
				B137738B1B9D3689004C2EE2 /* libMyScriptShape.a */,
				B137738C1B9D3689004C2EE2 /* libMyScriptText.a */,
				B137737E1B9D354A004C2EE2 /* libStylusCore.a */,
				B1A8585E1BC8853200DC94F9 /* JotTouchSDK.framework */,
				B11274FC1BCDACAC00F68F9E /* JotTouchSDK.bundle */,
				B14CCACB1B9E8AF300A38815 /* AtkMltw.framework */,
				B14CCABF1B9E889C00A38815 /* AtkItc.framework */,
				B1A8585C1BC884C100DC94F9 /* CoreMotion.framework */,
				B1A8585A1BC8845300DC94F9 /* CoreBluetooth.framework */,
				B13773981B9D381A004C2EE2 /* CoreGraphics.framework */,
				B1860DE81BD5AE0400E35308 /* ExternalAccessory.framework */,
				B137737A1B9D351A004C2EE2 /* SystemConfiguration.framework */,
				B137737C1B9D3528004C2EE2 /* Security.framework */,
			);
			name = "Linked Frameworks";
			sourceTree = "<group>";
		};
		B136A1801B9B76A900E487C0 = {
			isa = PBXGroup;
			children = (
				B10C450A1BC9D45700473F6B /* Linked Frameworks */,
				B136A18B1B9B76A900E487C0 /* EMR App */,
				B12420C01BA5FBDB0009AE2F /* Unused Code.swift */,
				B136A1A21B9B76AA00E487C0 /* EMR AppTests */,
				B136A1AD1B9B76AA00E487C0 /* EMR AppUITests */,
				B136A18A1B9B76A900E487C0 /* Products */,
			);
			sourceTree = "<group>";
		};
		B136A18A1B9B76A900E487C0 /* Products */ = {
			isa = PBXGroup;
			children = (
				B136A1891B9B76A900E487C0 /* EMR App.app */,
				B136A19F1B9B76AA00E487C0 /* EMR AppTests.xctest */,
				B136A1AA1B9B76AA00E487C0 /* EMR AppUITests.xctest */,
			);
			name = Products;
			sourceTree = "<group>";
		};
		B136A18B1B9B76A900E487C0 /* EMR App */ = {
			isa = PBXGroup;
			children = (
				B136A1C31B9B83B500E487C0 /* Data Models */,
				B136A1C01B9B832000E487C0 /* View Controllers */,
				B136A1C21B9B834D00E487C0 /* Views */,
				B136A1C11B9B833000E487C0 /* Supporting Files */,
			);
			path = "EMR App";
			sourceTree = "<group>";
		};
		B136A1A21B9B76AA00E487C0 /* EMR AppTests */ = {
			isa = PBXGroup;
			children = (
				B136A1A31B9B76AA00E487C0 /* EMR_AppTests.swift */,
				B136A1A51B9B76AA00E487C0 /* Info.plist */,
			);
			path = "EMR AppTests";
			sourceTree = "<group>";
		};
		B136A1AD1B9B76AA00E487C0 /* EMR AppUITests */ = {
			isa = PBXGroup;
			children = (
				B136A1AE1B9B76AA00E487C0 /* EMR_AppUITests.swift */,
				B136A1B01B9B76AA00E487C0 /* Info.plist */,
			);
			path = "EMR AppUITests";
			sourceTree = "<group>";
		};
		B136A1C01B9B832000E487C0 /* View Controllers */ = {
			isa = PBXGroup;
			children = (
				B1889FB41BA777BB00344130 /* Main Views */,
				B1889FB51BA777C000344130 /* Custom Views */,
			);
			name = "View Controllers";
			sourceTree = "<group>";
		};
		B136A1C11B9B833000E487C0 /* Supporting Files */ = {
			isa = PBXGroup;
			children = (
				B1D097D51BA8954300456488 /* HelperFunctions.swift */,
				B1EF1CDF1BA4B8B9009725B3 /* Model.xcdatamodeld */,
				B136A18C1B9B76A900E487C0 /* AppDelegate.swift */,
				B111BC3A1B9FA20F0068BE17 /* MyCertificate.swift */,
				B136A19A1B9B76A900E487C0 /* Info.plist */,
				B136A1951B9B76A900E487C0 /* Assets.xcassets */,
				B14CCAB61B9E7E3A00A38815 /* resources */,
			);
			name = "Supporting Files";
			sourceTree = "<group>";
		};
		B136A1C21B9B834D00E487C0 /* Views */ = {
			isa = PBXGroup;
			children = (
				B136A1921B9B76A900E487C0 /* Main.storyboard */,
				B136A1971B9B76A900E487C0 /* LaunchScreen.storyboard */,
			);
			name = Views;
			sourceTree = "<group>";
		};
		B136A1C31B9B83B500E487C0 /* Data Models */ = {
			isa = PBXGroup;
			children = (
				B137739A1B9D38C6004C2EE2 /* EMR App-Bridging-Header.h */,
				B16F38E71BB9CA6B006A9CEA /* Persistent EMR Model */,
				B16F38E61BB9CA63006A9CEA /* EMR Networking */,
			);
			name = "Data Models";
			sourceTree = "<group>";
		};
		B14CCAB61B9E7E3A00A38815 /* resources */ = {
			isa = PBXGroup;
			children = (
				B14CCAB71B9E7E3A00A38815 /* en_US-ak-cur.lite.res */,
				B14CCAB81B9E7E3A00A38815 /* en_US-lk-text.lite.res */,
			);
			name = resources;
			path = ../../../Downloads/resources;
			sourceTree = "<group>";
		};
		B16F38E61BB9CA63006A9CEA /* EMR Networking */ = {
			isa = PBXGroup;
			children = (
				B1B11C341BA856ED00651FC7 /* EMRField.swift */,
				B15520541BBB56CC0012339A /* EMRConnection.swift */,
				B16E8A891BBCACBC00177BCB /* EMRDataParser.swift */,
				B16E8A871BBCAC6100177BCB /* EMRReturnedDataObject.swift */,
			);
			name = "EMR Networking";
			sourceTree = "<group>";
		};
		B16F38E71BB9CA6B006A9CEA /* Persistent EMR Model */ = {
			isa = PBXGroup;
			children = (
				B12420C31BA62FCB0009AE2F /* Patient.swift */,
				B1F7304A1BDEB66A008FD83A /* Patient+CoreDataProperties.swift */,
				B1AF55721BA8B7400016A01A /* DateFormatter.swift */,
			);
			name = "Persistent EMR Model";
			sourceTree = "<group>";
		};
		B1889FB41BA777BB00344130 /* Main Views */ = {
			isa = PBXGroup;
			children = (
				B17842A11BB0D22500C34C48 /* LoginViewController.swift */,
				B1BA8C261BD1C95700F31574 /* PatientSelectionViewController.swift */,
				B1E0D5AD1BB0966A0097EC0F /* DataEntryModeViewController.swift */,
				B1BAAEA01BCE74BB002D6733 /* DataExtractionModeViewController.swift */,
				B1E0D5AB1BB096580097EC0F /* PatientCareModeViewController.swift */,
				B11545851BA707DD00E31EB6 /* CustomMLTWView.swift */,
				B182015D1BA87CEA0028E7E7 /* TabBarViewController.swift */,
			);
			name = "Main Views";
			sourceTree = "<group>";
		};
		B1889FB51BA777C000344130 /* Custom Views */ = {
			isa = PBXGroup;
			children = (
				B1889FB21BA7760800344130 /* PhysicalAndROSView.swift */,
				B1B8F8DE1BCEC6FC00B6CC6D /* PhysicalAndROSOrganSystemButton.swift */,
				B1B083061BCEE56F0093E990 /* PhysicalAndROSDataEntryView.swift */,
			);
			name = "Custom Views";
			sourceTree = "<group>";
		};
/* End PBXGroup section */

/* Begin PBXNativeTarget section */
		B136A1881B9B76A900E487C0 /* EMR App */ = {
			isa = PBXNativeTarget;
			buildConfigurationList = B136A1B31B9B76AA00E487C0 /* Build configuration list for PBXNativeTarget "EMR App" */;
			buildPhases = (
				B136A1851B9B76A900E487C0 /* Sources */,
				B136A1861B9B76A900E487C0 /* Frameworks */,
				B136A1871B9B76A900E487C0 /* Resources */,
			);
			buildRules = (
			);
			dependencies = (
			);
			name = "EMR App";
			productName = "EMR App";
			productReference = B136A1891B9B76A900E487C0 /* EMR App.app */;
			productType = "com.apple.product-type.application";
		};
		B136A19E1B9B76AA00E487C0 /* EMR AppTests */ = {
			isa = PBXNativeTarget;
			buildConfigurationList = B136A1B61B9B76AA00E487C0 /* Build configuration list for PBXNativeTarget "EMR AppTests" */;
			buildPhases = (
				B136A19B1B9B76AA00E487C0 /* Sources */,
				B136A19C1B9B76AA00E487C0 /* Frameworks */,
				B136A19D1B9B76AA00E487C0 /* Resources */,
			);
			buildRules = (
			);
			dependencies = (
				B136A1A11B9B76AA00E487C0 /* PBXTargetDependency */,
			);
			name = "EMR AppTests";
			productName = "EMR AppTests";
			productReference = B136A19F1B9B76AA00E487C0 /* EMR AppTests.xctest */;
			productType = "com.apple.product-type.bundle.unit-test";
		};
		B136A1A91B9B76AA00E487C0 /* EMR AppUITests */ = {
			isa = PBXNativeTarget;
			buildConfigurationList = B136A1B91B9B76AA00E487C0 /* Build configuration list for PBXNativeTarget "EMR AppUITests" */;
			buildPhases = (
				B136A1A61B9B76AA00E487C0 /* Sources */,
				B136A1A71B9B76AA00E487C0 /* Frameworks */,
				B136A1A81B9B76AA00E487C0 /* Resources */,
			);
			buildRules = (
			);
			dependencies = (
				B136A1AC1B9B76AA00E487C0 /* PBXTargetDependency */,
			);
			name = "EMR AppUITests";
			productName = "EMR AppUITests";
			productReference = B136A1AA1B9B76AA00E487C0 /* EMR AppUITests.xctest */;
			productType = "com.apple.product-type.bundle.ui-testing";
		};
/* End PBXNativeTarget section */

/* Begin PBXProject section */
		B136A1811B9B76A900E487C0 /* Project object */ = {
			isa = PBXProject;
			attributes = {
				LastSwiftUpdateCheck = 0700;
				LastUpgradeCheck = 0700;
				ORGANIZATIONNAME = "Confluent Ideals";
				TargetAttributes = {
					B136A1881B9B76A900E487C0 = {
						CreatedOnToolsVersion = 7.0;
						DevelopmentTeam = ZYZR243GF5;
					};
					B136A19E1B9B76AA00E487C0 = {
						CreatedOnToolsVersion = 7.0;
						TestTargetID = B136A1881B9B76A900E487C0;
					};
					B136A1A91B9B76AA00E487C0 = {
						CreatedOnToolsVersion = 7.0;
						TestTargetID = B136A1881B9B76A900E487C0;
					};
				};
			};
			buildConfigurationList = B136A1841B9B76A900E487C0 /* Build configuration list for PBXProject "EMR App" */;
			compatibilityVersion = "Xcode 3.2";
			developmentRegion = English;
			hasScannedForEncodings = 0;
			knownRegions = (
				en,
				Base,
			);
			mainGroup = B136A1801B9B76A900E487C0;
			productRefGroup = B136A18A1B9B76A900E487C0 /* Products */;
			projectDirPath = "";
			projectRoot = "";
			targets = (
				B136A1881B9B76A900E487C0 /* EMR App */,
				B136A19E1B9B76AA00E487C0 /* EMR AppTests */,
				B136A1A91B9B76AA00E487C0 /* EMR AppUITests */,
			);
		};
/* End PBXProject section */

/* Begin PBXResourcesBuildPhase section */
		B136A1871B9B76A900E487C0 /* Resources */ = {
			isa = PBXResourcesBuildPhase;
			buildActionMask = 2147483647;
			files = (
				B136A1991B9B76A900E487C0 /* LaunchScreen.storyboard in Resources */,
				B136A1961B9B76A900E487C0 /* Assets.xcassets in Resources */,
				B136A1941B9B76A900E487C0 /* Main.storyboard in Resources */,
				B14CCAB91B9E7E3A00A38815 /* en_US-ak-cur.lite.res in Resources */,
				B11274FD1BCDACAC00F68F9E /* JotTouchSDK.bundle in Resources */,
				B14CCABA1B9E7E3A00A38815 /* en_US-lk-text.lite.res in Resources */,
			);
			runOnlyForDeploymentPostprocessing = 0;
		};
		B136A19D1B9B76AA00E487C0 /* Resources */ = {
			isa = PBXResourcesBuildPhase;
			buildActionMask = 2147483647;
			files = (
			);
			runOnlyForDeploymentPostprocessing = 0;
		};
		B136A1A81B9B76AA00E487C0 /* Resources */ = {
			isa = PBXResourcesBuildPhase;
			buildActionMask = 2147483647;
			files = (
			);
			runOnlyForDeploymentPostprocessing = 0;
		};
/* End PBXResourcesBuildPhase section */

/* Begin PBXSourcesBuildPhase section */
		B136A1851B9B76A900E487C0 /* Sources */ = {
			isa = PBXSourcesBuildPhase;
			buildActionMask = 2147483647;
			files = (
				B1BAAEA11BCE74BC002D6733 /* DataExtractionModeViewController.swift in Sources */,
				B1B11C351BA856ED00651FC7 /* EMRField.swift in Sources */,
				B11545861BA707DD00E31EB6 /* CustomMLTWView.swift in Sources */,
				B1E0D5AE1BB0966A0097EC0F /* DataEntryModeViewController.swift in Sources */,
				B11274FE1BCDAE6A00F68F9E /* PhysicalAndROSView.swift in Sources */,
				B1BA8C271BD1C95700F31574 /* PatientSelectionViewController.swift in Sources */,
				B17842A21BB0D22600C34C48 /* LoginViewController.swift in Sources */,
				B16E8A881BBCAC6100177BCB /* EMRReturnedDataObject.swift in Sources */,
				B182015E1BA87CEA0028E7E7 /* TabBarViewController.swift in Sources */,
				B1EF1CE11BA4B8B9009725B3 /* Model.xcdatamodeld in Sources */,
				B1F7304B1BDEB66A008FD83A /* Patient+CoreDataProperties.swift in Sources */,
				B1B083071BCEE56F0093E990 /* PhysicalAndROSDataEntryView.swift in Sources */,
				B1D097D61BA8954300456488 /* HelperFunctions.swift in Sources */,
				B136A18D1B9B76A900E487C0 /* AppDelegate.swift in Sources */,
				B16E8A8A1BBCACBC00177BCB /* EMRDataParser.swift in Sources */,
				B1B8F8DF1BCEC6FC00B6CC6D /* PhysicalAndROSOrganSystemButton.swift in Sources */,
				B15520551BBB56CC0012339A /* EMRConnection.swift in Sources */,
				B1E0D5AC1BB096580097EC0F /* PatientCareModeViewController.swift in Sources */,
				B1AF55731BA8B7400016A01A /* DateFormatter.swift in Sources */,
				B1BF67CF1BB734BD000C68EF /* MyCertificate.swift in Sources */,
				B12420C51BA62FCB0009AE2F /* Patient.swift in Sources */,
			);
			runOnlyForDeploymentPostprocessing = 0;
		};
		B136A19B1B9B76AA00E487C0 /* Sources */ = {
			isa = PBXSourcesBuildPhase;
			buildActionMask = 2147483647;
			files = (
				B136A1A41B9B76AA00E487C0 /* EMR_AppTests.swift in Sources */,
			);
			runOnlyForDeploymentPostprocessing = 0;
		};
		B136A1A61B9B76AA00E487C0 /* Sources */ = {
			isa = PBXSourcesBuildPhase;
			buildActionMask = 2147483647;
			files = (
				B136A1AF1B9B76AA00E487C0 /* EMR_AppUITests.swift in Sources */,
			);
			runOnlyForDeploymentPostprocessing = 0;
		};
/* End PBXSourcesBuildPhase section */

/* Begin PBXTargetDependency section */
		B136A1A11B9B76AA00E487C0 /* PBXTargetDependency */ = {
			isa = PBXTargetDependency;
			target = B136A1881B9B76A900E487C0 /* EMR App */;
			targetProxy = B136A1A01B9B76AA00E487C0 /* PBXContainerItemProxy */;
		};
		B136A1AC1B9B76AA00E487C0 /* PBXTargetDependency */ = {
			isa = PBXTargetDependency;
			target = B136A1881B9B76A900E487C0 /* EMR App */;
			targetProxy = B136A1AB1B9B76AA00E487C0 /* PBXContainerItemProxy */;
		};
/* End PBXTargetDependency section */

/* Begin PBXVariantGroup section */
		B136A1921B9B76A900E487C0 /* Main.storyboard */ = {
			isa = PBXVariantGroup;
			children = (
				B136A1931B9B76A900E487C0 /* Base */,
			);
			name = Main.storyboard;
			sourceTree = "<group>";
		};
		B136A1971B9B76A900E487C0 /* LaunchScreen.storyboard */ = {
			isa = PBXVariantGroup;
			children = (
				B136A1981B9B76A900E487C0 /* Base */,
			);
			name = LaunchScreen.storyboard;
			sourceTree = "<group>";
		};
/* End PBXVariantGroup section */

/* Begin XCBuildConfiguration section */
		B136A1B11B9B76AA00E487C0 /* Debug */ = {
			isa = XCBuildConfiguration;
			buildSettings = {
				ALWAYS_SEARCH_USER_PATHS = NO;
				CLANG_CXX_LANGUAGE_STANDARD = "gnu++0x";
				CLANG_CXX_LIBRARY = "libc++";
				CLANG_ENABLE_MODULES = YES;
				CLANG_ENABLE_OBJC_ARC = YES;
				CLANG_WARN_BOOL_CONVERSION = YES;
				CLANG_WARN_CONSTANT_CONVERSION = YES;
				CLANG_WARN_DIRECT_OBJC_ISA_USAGE = YES_ERROR;
				CLANG_WARN_EMPTY_BODY = YES;
				CLANG_WARN_ENUM_CONVERSION = YES;
				CLANG_WARN_INT_CONVERSION = YES;
				CLANG_WARN_OBJC_ROOT_CLASS = YES_ERROR;
				CLANG_WARN_UNREACHABLE_CODE = YES;
				CLANG_WARN__DUPLICATE_METHOD_MATCH = YES;
				"CODE_SIGN_IDENTITY[sdk=iphoneos*]" = "iPhone Developer";
				COPY_PHASE_STRIP = NO;
				DEBUG_INFORMATION_FORMAT = dwarf;
				ENABLE_STRICT_OBJC_MSGSEND = YES;
				ENABLE_TESTABILITY = YES;
				GCC_C_LANGUAGE_STANDARD = gnu99;
				GCC_DYNAMIC_NO_PIC = NO;
				GCC_NO_COMMON_BLOCKS = YES;
				GCC_OPTIMIZATION_LEVEL = 0;
				GCC_PREPROCESSOR_DEFINITIONS = (
					"DEBUG=1",
					"$(inherited)",
				);
				GCC_WARN_64_TO_32_BIT_CONVERSION = YES;
				GCC_WARN_ABOUT_RETURN_TYPE = YES_ERROR;
				GCC_WARN_UNDECLARED_SELECTOR = YES;
				GCC_WARN_UNINITIALIZED_AUTOS = YES_AGGRESSIVE;
				GCC_WARN_UNUSED_FUNCTION = YES;
				GCC_WARN_UNUSED_VARIABLE = YES;
				IPHONEOS_DEPLOYMENT_TARGET = 9.0;
				MTL_ENABLE_DEBUG_INFO = YES;
				ONLY_ACTIVE_ARCH = YES;
				SDKROOT = iphoneos;
				SWIFT_OPTIMIZATION_LEVEL = "-Onone";
				TARGETED_DEVICE_FAMILY = 2;
			};
			name = Debug;
		};
		B136A1B21B9B76AA00E487C0 /* Release */ = {
			isa = XCBuildConfiguration;
			buildSettings = {
				ALWAYS_SEARCH_USER_PATHS = NO;
				CLANG_CXX_LANGUAGE_STANDARD = "gnu++0x";
				CLANG_CXX_LIBRARY = "libc++";
				CLANG_ENABLE_MODULES = YES;
				CLANG_ENABLE_OBJC_ARC = YES;
				CLANG_WARN_BOOL_CONVERSION = YES;
				CLANG_WARN_CONSTANT_CONVERSION = YES;
				CLANG_WARN_DIRECT_OBJC_ISA_USAGE = YES_ERROR;
				CLANG_WARN_EMPTY_BODY = YES;
				CLANG_WARN_ENUM_CONVERSION = YES;
				CLANG_WARN_INT_CONVERSION = YES;
				CLANG_WARN_OBJC_ROOT_CLASS = YES_ERROR;
				CLANG_WARN_UNREACHABLE_CODE = YES;
				CLANG_WARN__DUPLICATE_METHOD_MATCH = YES;
				"CODE_SIGN_IDENTITY[sdk=iphoneos*]" = "iPhone Developer";
				COPY_PHASE_STRIP = NO;
				DEBUG_INFORMATION_FORMAT = "dwarf-with-dsym";
				ENABLE_NS_ASSERTIONS = NO;
				ENABLE_STRICT_OBJC_MSGSEND = YES;
				GCC_C_LANGUAGE_STANDARD = gnu99;
				GCC_NO_COMMON_BLOCKS = YES;
				GCC_WARN_64_TO_32_BIT_CONVERSION = YES;
				GCC_WARN_ABOUT_RETURN_TYPE = YES_ERROR;
				GCC_WARN_UNDECLARED_SELECTOR = YES;
				GCC_WARN_UNINITIALIZED_AUTOS = YES_AGGRESSIVE;
				GCC_WARN_UNUSED_FUNCTION = YES;
				GCC_WARN_UNUSED_VARIABLE = YES;
				IPHONEOS_DEPLOYMENT_TARGET = 9.0;
				MTL_ENABLE_DEBUG_INFO = NO;
				SDKROOT = iphoneos;
				TARGETED_DEVICE_FAMILY = 2;
				VALIDATE_PRODUCT = YES;
			};
			name = Release;
		};
		B136A1B41B9B76AA00E487C0 /* Debug */ = {
			isa = XCBuildConfiguration;
			buildSettings = {
				ASSETCATALOG_COMPILER_APPICON_NAME = AppIcon;
				CLANG_CXX_LIBRARY = "libc++";
				CLANG_ENABLE_MODULES = YES;
				CODE_SIGN_IDENTITY = "iPhone Developer";
				"CODE_SIGN_IDENTITY[sdk=iphoneos*]" = "iPhone Developer";
				EMBEDDED_CONTENT_CONTAINS_SWIFT = NO;
				EMBED_ASSET_PACKS_IN_PRODUCT_BUNDLE = NO;
				ENABLE_BITCODE = NO;
				FRAMEWORK_SEARCH_PATHS = (
					"/Users/arnavpond/Downloads/MyScript_ATK-ios-1.3.0/libs/itc",
					"/Users/arnavpond/Downloads/MyScript_ATK-ios-1.3.0/libs/mltw",
					"/Users/arnavpond/Desktop/JotTouchSDK-master",
				);
				INFOPLIST_FILE = "EMR App/Info.plist";
				IPHONEOS_DEPLOYMENT_TARGET = 9.1;
				LD_RUNPATH_SEARCH_PATHS = "$(inherited) @executable_path/Frameworks";
				LIBRARY_SEARCH_PATHS = (
					"/Users/arnavpond/Downloads/MyScript_ATK-ios-1.3.0/libs/sdk",
					"/Users/arnavpond/Downloads/MyScript_ATK-ios-1.3.0/libs/styluscore",
					"/Users/arnavpond/Downloads/MyScript_ATK-ios-1.3.0/libs/inw",
					"/Users/arnavpond/Desktop/JotTouchSDK-master",
				);
				OTHER_LDFLAGS = (
					"-Wl,-U,_MyScriptAnalyzer",
					"-Wl,-U,_MyScript2D",
					"-ObjC",
					"-Wl,-U,_MyScriptDocument",
					"-Wl,-U,_MyScriptWriterAdaptation",
					"-Wl,-U,_MyScriptText",
					"-Wl,-U,_MyScriptSymbol",
					"-Wl,-U,_MyScriptShape",
					"-Wl,-U,_MyScriptPrediction",
					"-Wl,-U,_MyScriptMusic",
					"-Wl,-U,_MyScriptMath",
					"-Wl,-U,_MyScriptInkSearch",
					"-Wl,-U,_MyScriptInk",
					"-Wl,-U,_MyScriptGesture",
					"/usr/lib/libstdc++.dylib",
				);
				PRODUCT_BUNDLE_IDENTIFIER = "com.confluentideals.EMR-App";
				PRODUCT_NAME = "$(TARGET_NAME)";
				PROVISIONING_PROFILE = "";
				SWIFT_OBJC_BRIDGING_HEADER = "EMR App/EMR App-Bridging-Header.h";
				SWIFT_OPTIMIZATION_LEVEL = "-Onone";
				TARGETED_DEVICE_FAMILY = 2;
			};
			name = Debug;
		};
		B136A1B51B9B76AA00E487C0 /* Release */ = {
			isa = XCBuildConfiguration;
			buildSettings = {
				ASSETCATALOG_COMPILER_APPICON_NAME = AppIcon;
				CLANG_CXX_LIBRARY = "libc++";
				CLANG_ENABLE_MODULES = YES;
				CODE_SIGN_IDENTITY = "iPhone Developer";
				"CODE_SIGN_IDENTITY[sdk=iphoneos*]" = "iPhone Developer";
				EMBEDDED_CONTENT_CONTAINS_SWIFT = NO;
				EMBED_ASSET_PACKS_IN_PRODUCT_BUNDLE = NO;
				ENABLE_BITCODE = NO;
				FRAMEWORK_SEARCH_PATHS = (
					"/Users/arnavpond/Downloads/MyScript_ATK-ios-1.3.0/libs/itc",
					"/Users/arnavpond/Downloads/MyScript_ATK-ios-1.3.0/libs/mltw",
					"/Users/arnavpond/Desktop/JotTouchSDK-master",
				);
				INFOPLIST_FILE = "EMR App/Info.plist";
				IPHONEOS_DEPLOYMENT_TARGET = 9.1;
				LD_RUNPATH_SEARCH_PATHS = "$(inherited) @executable_path/Frameworks";
				LIBRARY_SEARCH_PATHS = (
					"/Users/arnavpond/Downloads/MyScript_ATK-ios-1.3.0/libs/sdk",
					"/Users/arnavpond/Downloads/MyScript_ATK-ios-1.3.0/libs/styluscore",
					"/Users/arnavpond/Downloads/MyScript_ATK-ios-1.3.0/libs/inw",
					"/Users/arnavpond/Desktop/JotTouchSDK-master",
				);
				OTHER_LDFLAGS = (
					"-Wl,-U,_MyScriptAnalyzer",
					"-Wl,-U,_MyScript2D",
					"-ObjC",
					"-Wl,-U,_MyScriptDocument",
					"-Wl,-U,_MyScriptWriterAdaptation",
					"-Wl,-U,_MyScriptText",
					"-Wl,-U,_MyScriptSymbol",
					"-Wl,-U,_MyScriptShape",
					"-Wl,-U,_MyScriptPrediction",
					"-Wl,-U,_MyScriptMusic",
					"-Wl,-U,_MyScriptMath",
					"-Wl,-U,_MyScriptInkSearch",
					"-Wl,-U,_MyScriptInk",
					"-Wl,-U,_MyScriptGesture",
					"/usr/lib/libstdc++.dylib",
				);
				PRODUCT_BUNDLE_IDENTIFIER = "com.confluentideals.EMR-App";
				PRODUCT_NAME = "$(TARGET_NAME)";
				PROVISIONING_PROFILE = "";
				SWIFT_OBJC_BRIDGING_HEADER = "EMR App/EMR App-Bridging-Header.h";
				TARGETED_DEVICE_FAMILY = 2;
			};
			name = Release;
		};
		B136A1B71B9B76AA00E487C0 /* Debug */ = {
			isa = XCBuildConfiguration;
			buildSettings = {
				BUNDLE_LOADER = "$(TEST_HOST)";
				INFOPLIST_FILE = "EMR AppTests/Info.plist";
				LD_RUNPATH_SEARCH_PATHS = "$(inherited) @executable_path/Frameworks @loader_path/Frameworks";
				PRODUCT_BUNDLE_IDENTIFIER = "com.confluentideals.EMR-AppTests";
				PRODUCT_NAME = "$(TARGET_NAME)";
				TEST_HOST = "$(BUILT_PRODUCTS_DIR)/EMR App.app/EMR App";
			};
			name = Debug;
		};
		B136A1B81B9B76AA00E487C0 /* Release */ = {
			isa = XCBuildConfiguration;
			buildSettings = {
				BUNDLE_LOADER = "$(TEST_HOST)";
				INFOPLIST_FILE = "EMR AppTests/Info.plist";
				LD_RUNPATH_SEARCH_PATHS = "$(inherited) @executable_path/Frameworks @loader_path/Frameworks";
				PRODUCT_BUNDLE_IDENTIFIER = "com.confluentideals.EMR-AppTests";
				PRODUCT_NAME = "$(TARGET_NAME)";
				TEST_HOST = "$(BUILT_PRODUCTS_DIR)/EMR App.app/EMR App";
			};
			name = Release;
		};
		B136A1BA1B9B76AA00E487C0 /* Debug */ = {
			isa = XCBuildConfiguration;
			buildSettings = {
				INFOPLIST_FILE = "EMR AppUITests/Info.plist";
				LD_RUNPATH_SEARCH_PATHS = "$(inherited) @executable_path/Frameworks @loader_path/Frameworks";
				PRODUCT_BUNDLE_IDENTIFIER = "com.confluentideals.EMR-AppUITests";
				PRODUCT_NAME = "$(TARGET_NAME)";
				TEST_TARGET_NAME = "EMR App";
				USES_XCTRUNNER = YES;
			};
			name = Debug;
		};
		B136A1BB1B9B76AA00E487C0 /* Release */ = {
			isa = XCBuildConfiguration;
			buildSettings = {
				INFOPLIST_FILE = "EMR AppUITests/Info.plist";
				LD_RUNPATH_SEARCH_PATHS = "$(inherited) @executable_path/Frameworks @loader_path/Frameworks";
				PRODUCT_BUNDLE_IDENTIFIER = "com.confluentideals.EMR-AppUITests";
				PRODUCT_NAME = "$(TARGET_NAME)";
				TEST_TARGET_NAME = "EMR App";
				USES_XCTRUNNER = YES;
			};
			name = Release;
		};
/* End XCBuildConfiguration section */

/* Begin XCConfigurationList section */
		B136A1841B9B76A900E487C0 /* Build configuration list for PBXProject "EMR App" */ = {
			isa = XCConfigurationList;
			buildConfigurations = (
				B136A1B11B9B76AA00E487C0 /* Debug */,
				B136A1B21B9B76AA00E487C0 /* Release */,
			);
			defaultConfigurationIsVisible = 0;
			defaultConfigurationName = Release;
		};
		B136A1B31B9B76AA00E487C0 /* Build configuration list for PBXNativeTarget "EMR App" */ = {
			isa = XCConfigurationList;
			buildConfigurations = (
				B136A1B41B9B76AA00E487C0 /* Debug */,
				B136A1B51B9B76AA00E487C0 /* Release */,
			);
			defaultConfigurationIsVisible = 0;
			defaultConfigurationName = Release;
		};
		B136A1B61B9B76AA00E487C0 /* Build configuration list for PBXNativeTarget "EMR AppTests" */ = {
			isa = XCConfigurationList;
			buildConfigurations = (
				B136A1B71B9B76AA00E487C0 /* Debug */,
				B136A1B81B9B76AA00E487C0 /* Release */,
			);
			defaultConfigurationIsVisible = 0;
			defaultConfigurationName = Release;
		};
		B136A1B91B9B76AA00E487C0 /* Build configuration list for PBXNativeTarget "EMR AppUITests" */ = {
			isa = XCConfigurationList;
			buildConfigurations = (
				B136A1BA1B9B76AA00E487C0 /* Debug */,
				B136A1BB1B9B76AA00E487C0 /* Release */,
			);
			defaultConfigurationIsVisible = 0;
			defaultConfigurationName = Release;
		};
/* End XCConfigurationList section */

/* Begin XCVersionGroup section */
		B1EF1CDF1BA4B8B9009725B3 /* Model.xcdatamodeld */ = {
			isa = XCVersionGroup;
			children = (
				B1EF1CE01BA4B8B9009725B3 /* Model.xcdatamodel */,
			);
			currentVersion = B1EF1CE01BA4B8B9009725B3 /* Model.xcdatamodel */;
			path = Model.xcdatamodeld;
			sourceTree = "<group>";
			versionGroupType = wrapper.xcdatamodel;
		};
/* End XCVersionGroup section */
	};
	rootObject = B136A1811B9B76A900E487C0 /* Project object */;
}
